version = 1
revision = 3
requires-python = "==3.10.*"

[[package]]
name = "annotated-types"
version = "0.7.0"
source = { registry = "https://pagaya-artifacts-704102000649.d.codeartifact.us-east-1.amazonaws.com/pypi/Pagaya-Artifacts-prod/simple/" }
sdist = { url = "https://pagaya-artifacts-704102000649.d.codeartifact.us-east-1.amazonaws.com/pypi/Pagaya-Artifacts-prod/simple/annotated-types/0.7.0/annotated_types-0.7.0.tar.gz", hash = "sha256:aff07c09a53a08bc8cfccb9c85b05f1aa9a2a6f23728d790723543408344ce89" }
wheels = [
    { url = "https://pagaya-artifacts-704102000649.d.codeartifact.us-east-1.amazonaws.com/pypi/Pagaya-Artifacts-prod/simple/annotated-types/0.7.0/annotated_types-0.7.0-py3-none-any.whl", hash = "sha256:1f02e8b43a8fbbc3f3e0d4f0f4bfc8131bcb4eebe8849b8e5c773f3a1c582a53" },
]

[[package]]
name = "colorama"
version = "0.4.6"
source = { registry = "https://pagaya-artifacts-704102000649.d.codeartifact.us-east-1.amazonaws.com/pypi/Pagaya-Artifacts-prod/simple/" }
sdist = { url = "https://pagaya-artifacts-704102000649.d.codeartifact.us-east-1.amazonaws.com/pypi/Pagaya-Artifacts-prod/simple/colorama/0.4.6/colorama-0.4.6.tar.gz", hash = "sha256:08695f5cb7ed6e0531a20572697297273c47b8cae5a63ffc6d6ed5c201be6e44" }
wheels = [
    { url = "https://pagaya-artifacts-704102000649.d.codeartifact.us-east-1.amazonaws.com/pypi/Pagaya-Artifacts-prod/simple/colorama/0.4.6/colorama-0.4.6-py2.py3-none-any.whl", hash = "sha256:4f1d9991f5acc0ca119f9d443620b77f9d6b33703e51011c16baf57afb285fc6" },
]

[[package]]
name = "common"
version = "0.1.0"
source = { editable = "." }
dependencies = [
    { name = "email-validator" },
    { name = "psycopg2" },
    { name = "pydantic" },
    { name = "sqlalchemy" },
]

[package.optional-dependencies]
dev = [
    { name = "pytest" },
    { name = "pytest-cov" },
    { name = "pytest-mock" },
    { name = "ruff" },
]

[package.metadata]
requires-dist = [
    { name = "email-validator", specifier = ">=2.0.0" },
    { name = "psycopg2", specifier = ">=2.9.0,<3.0.0" },
    { name = "pydantic", specifier = ">=2.11.0,<2.12.0" },
    { name = "pytest", marker = "extra == 'dev'", specifier = ">=7.0.0" },
    { name = "pytest-cov", marker = "extra == 'dev'", specifier = ">=4.0.0" },
    { name = "pytest-mock", marker = "extra == 'dev'", specifier = ">=3.10.0" },
    { name = "ruff", marker = "extra == 'dev'", specifier = ">=0.5.0" },
    { name = "sqlalchemy", specifier = ">=1.3.0,<1.4.0" },
]
provides-extras = ["dev"]

[[package]]
name = "coverage"
version = "7.10.6"
source = { registry = "https://pagaya-artifacts-704102000649.d.codeartifact.us-east-1.amazonaws.com/pypi/Pagaya-Artifacts-prod/simple/" }
sdist = { url = "https://pagaya-artifacts-704102000649.d.codeartifact.us-east-1.amazonaws.com/pypi/Pagaya-Artifacts-prod/simple/coverage/7.10.6/coverage-7.10.6.tar.gz", hash = "sha256:f644a3ae5933a552a29dbb9aa2f90c677a875f80ebea028e5a52a4f429044b90" }
wheels = [
    { url = "https://pagaya-artifacts-704102000649.d.codeartifact.us-east-1.amazonaws.com/pypi/Pagaya-Artifacts-prod/simple/coverage/7.10.6/coverage-7.10.6-cp310-cp310-macosx_10_9_x86_64.whl", hash = "sha256:70e7bfbd57126b5554aa482691145f798d7df77489a177a6bef80de78860a356" },
    { url = "https://pagaya-artifacts-704102000649.d.codeartifact.us-east-1.amazonaws.com/pypi/Pagaya-Artifacts-prod/simple/coverage/7.10.6/coverage-7.10.6-cp310-cp310-macosx_11_0_arm64.whl", hash = "sha256:e41be6f0f19da64af13403e52f2dec38bbc2937af54df8ecef10850ff8d35301" },
    { url = "https://pagaya-artifacts-704102000649.d.codeartifact.us-east-1.amazonaws.com/pypi/Pagaya-Artifacts-prod/simple/coverage/7.10.6/coverage-7.10.6-cp310-cp310-manylinux1_i686.manylinux_2_28_i686.manylinux_2_5_i686.whl", hash = "sha256:c61fc91ab80b23f5fddbee342d19662f3d3328173229caded831aa0bd7595460" },
    { url = "https://pagaya-artifacts-704102000649.d.codeartifact.us-east-1.amazonaws.com/pypi/Pagaya-Artifacts-prod/simple/coverage/7.10.6/coverage-7.10.6-cp310-cp310-manylinux1_x86_64.manylinux_2_28_x86_64.manylinux_2_5_x86_64.whl", hash = "sha256:10356fdd33a7cc06e8051413140bbdc6f972137508a3572e3f59f805cd2832fd" },
    { url = "https://pagaya-artifacts-704102000649.d.codeartifact.us-east-1.amazonaws.com/pypi/Pagaya-Artifacts-prod/simple/coverage/7.10.6/coverage-7.10.6-cp310-cp310-manylinux2014_aarch64.manylinux_2_17_aarch64.manylinux_2_28_aarch64.whl", hash = "sha256:80b1695cf7c5ebe7b44bf2521221b9bb8cdf69b1f24231149a7e3eb1ae5fa2fb" },
    { url = "https://pagaya-artifacts-704102000649.d.codeartifact.us-east-1.amazonaws.com/pypi/Pagaya-Artifacts-prod/simple/coverage/7.10.6/coverage-7.10.6-cp310-cp310-musllinux_1_2_aarch64.whl", hash = "sha256:2e4c33e6378b9d52d3454bd08847a8651f4ed23ddbb4a0520227bd346382bbc6" },
    { url = "https://pagaya-artifacts-704102000649.d.codeartifact.us-east-1.amazonaws.com/pypi/Pagaya-Artifacts-prod/simple/coverage/7.10.6/coverage-7.10.6-cp310-cp310-musllinux_1_2_i686.whl", hash = "sha256:c8a3ec16e34ef980a46f60dc6ad86ec60f763c3f2fa0db6d261e6e754f72e945" },
    { url = "https://pagaya-artifacts-704102000649.d.codeartifact.us-east-1.amazonaws.com/pypi/Pagaya-Artifacts-prod/simple/coverage/7.10.6/coverage-7.10.6-cp310-cp310-musllinux_1_2_x86_64.whl", hash = "sha256:7d79dabc0a56f5af990cc6da9ad1e40766e82773c075f09cc571e2076fef882e" },
    { url = "https://pagaya-artifacts-704102000649.d.codeartifact.us-east-1.amazonaws.com/pypi/Pagaya-Artifacts-prod/simple/coverage/7.10.6/coverage-7.10.6-cp310-cp310-win32.whl", hash = "sha256:86b9b59f2b16e981906e9d6383eb6446d5b46c278460ae2c36487667717eccf1" },
    { url = "https://pagaya-artifacts-704102000649.d.codeartifact.us-east-1.amazonaws.com/pypi/Pagaya-Artifacts-prod/simple/coverage/7.10.6/coverage-7.10.6-cp310-cp310-win_amd64.whl", hash = "sha256:e132b9152749bd33534e5bd8565c7576f135f157b4029b975e15ee184325f528" },
    { url = "https://pagaya-artifacts-704102000649.d.codeartifact.us-east-1.amazonaws.com/pypi/Pagaya-Artifacts-prod/simple/coverage/7.10.6/coverage-7.10.6-py3-none-any.whl", hash = "sha256:92c4ecf6bf11b2e85fd4d8204814dc26e6a19f0c9d938c207c5cb0eadfcabbe3" },
]

[package.optional-dependencies]
toml = [
    { name = "tomli" },
]

[[package]]
name = "dnspython"
version = "2.7.0"
source = { registry = "https://pagaya-artifacts-704102000649.d.codeartifact.us-east-1.amazonaws.com/pypi/Pagaya-Artifacts-prod/simple/" }
sdist = { url = "https://pagaya-artifacts-704102000649.d.codeartifact.us-east-1.amazonaws.com/pypi/Pagaya-Artifacts-prod/simple/dnspython/2.7.0/dnspython-2.7.0.tar.gz", hash = "sha256:ce9c432eda0dc91cf618a5cedf1a4e142651196bbcd2c80e89ed5a907e5cfaf1" }
wheels = [
    { url = "https://pagaya-artifacts-704102000649.d.codeartifact.us-east-1.amazonaws.com/pypi/Pagaya-Artifacts-prod/simple/dnspython/2.7.0/dnspython-2.7.0-py3-none-any.whl", hash = "sha256:b4c34b7d10b51bcc3a5071e7b8dee77939f1e878477eeecc965e9835f63c6c86" },
]

[[package]]
name = "email-validator"
version = "2.3.0"
source = { registry = "https://pagaya-artifacts-704102000649.d.codeartifact.us-east-1.amazonaws.com/pypi/Pagaya-Artifacts-prod/simple/" }
dependencies = [
    { name = "dnspython" },
    { name = "idna" },
]
sdist = { url = "https://pagaya-artifacts-704102000649.d.codeartifact.us-east-1.amazonaws.com/pypi/Pagaya-Artifacts-prod/simple/email-validator/2.3.0/email_validator-2.3.0.tar.gz", hash = "sha256:9fc05c37f2f6cf439ff414f8fc46d917929974a82244c20eb10231ba60c54426" }
wheels = [
    { url = "https://pagaya-artifacts-704102000649.d.codeartifact.us-east-1.amazonaws.com/pypi/Pagaya-Artifacts-prod/simple/email-validator/2.3.0/email_validator-2.3.0-py3-none-any.whl", hash = "sha256:80f13f623413e6b197ae73bb10bf4eb0908faf509ad8362c5edeb0be7fd450b4" },
]

[[package]]
name = "exceptiongroup"
version = "1.3.0"
source = { registry = "https://pagaya-artifacts-704102000649.d.codeartifact.us-east-1.amazonaws.com/pypi/Pagaya-Artifacts-prod/simple/" }
dependencies = [
    { name = "typing-extensions" },
]
sdist = { url = "https://pagaya-artifacts-704102000649.d.codeartifact.us-east-1.amazonaws.com/pypi/Pagaya-Artifacts-prod/simple/exceptiongroup/1.3.0/exceptiongroup-1.3.0.tar.gz", hash = "sha256:b241f5885f560bc56a59ee63ca4c6a8bfa46ae4ad651af316d4e81817bb9fd88" }
wheels = [
    { url = "https://pagaya-artifacts-704102000649.d.codeartifact.us-east-1.amazonaws.com/pypi/Pagaya-Artifacts-prod/simple/exceptiongroup/1.3.0/exceptiongroup-1.3.0-py3-none-any.whl", hash = "sha256:4d111e6e0c13d0644cad6ddaa7ed0261a0b36971f6d23e7ec9b4b9097da78a10" },
]

[[package]]
name = "idna"
version = "3.10"
source = { registry = "https://pagaya-artifacts-704102000649.d.codeartifact.us-east-1.amazonaws.com/pypi/Pagaya-Artifacts-prod/simple/" }
sdist = { url = "https://pagaya-artifacts-704102000649.d.codeartifact.us-east-1.amazonaws.com/pypi/Pagaya-Artifacts-prod/simple/idna/3.10/idna-3.10.tar.gz", hash = "sha256:12f65c9b470abda6dc35cf8e63cc574b1c52b11df2c86030af0ac09b01b13ea9" }
wheels = [
    { url = "https://pagaya-artifacts-704102000649.d.codeartifact.us-east-1.amazonaws.com/pypi/Pagaya-Artifacts-prod/simple/idna/3.10/idna-3.10-py3-none-any.whl", hash = "sha256:946d195a0d259cbba61165e88e65941f16e9b36ea6ddb97f00452bae8b1287d3" },
]

[[package]]
name = "iniconfig"
version = "2.1.0"
source = { registry = "https://pagaya-artifacts-704102000649.d.codeartifact.us-east-1.amazonaws.com/pypi/Pagaya-Artifacts-prod/simple/" }
sdist = { url = "https://pagaya-artifacts-704102000649.d.codeartifact.us-east-1.amazonaws.com/pypi/Pagaya-Artifacts-prod/simple/iniconfig/2.1.0/iniconfig-2.1.0.tar.gz", hash = "sha256:3abbd2e30b36733fee78f9c7f7308f2d0050e88f0087fd25c2645f63c773e1c7" }
wheels = [
    { url = "https://pagaya-artifacts-704102000649.d.codeartifact.us-east-1.amazonaws.com/pypi/Pagaya-Artifacts-prod/simple/iniconfig/2.1.0/iniconfig-2.1.0-py3-none-any.whl", hash = "sha256:9deba5723312380e77435581c6bf4935c94cbfab9b1ed33ef8d238ea168eb760" },
]

[[package]]
name = "packaging"
version = "25.0"
source = { registry = "https://pagaya-artifacts-704102000649.d.codeartifact.us-east-1.amazonaws.com/pypi/Pagaya-Artifacts-prod/simple/" }
sdist = { url = "https://pagaya-artifacts-704102000649.d.codeartifact.us-east-1.amazonaws.com/pypi/Pagaya-Artifacts-prod/simple/packaging/25.0/packaging-25.0.tar.gz", hash = "sha256:d443872c98d677bf60f6a1f2f8c1cb748e8fe762d2bf9d3148b5599295b0fc4f" }
wheels = [
    { url = "https://pagaya-artifacts-704102000649.d.codeartifact.us-east-1.amazonaws.com/pypi/Pagaya-Artifacts-prod/simple/packaging/25.0/packaging-25.0-py3-none-any.whl", hash = "sha256:29572ef2b1f17581046b3a2227d5c611fb25ec70ca1ba8554b24b0e69331a484" },
]

[[package]]
name = "pluggy"
version = "1.6.0"
source = { registry = "https://pagaya-artifacts-704102000649.d.codeartifact.us-east-1.amazonaws.com/pypi/Pagaya-Artifacts-prod/simple/" }
sdist = { url = "https://pagaya-artifacts-704102000649.d.codeartifact.us-east-1.amazonaws.com/pypi/Pagaya-Artifacts-prod/simple/pluggy/1.6.0/pluggy-1.6.0.tar.gz", hash = "sha256:7dcc130b76258d33b90f61b658791dede3486c3e6bfb003ee5c9bfb396dd22f3" }
wheels = [
    { url = "https://pagaya-artifacts-704102000649.d.codeartifact.us-east-1.amazonaws.com/pypi/Pagaya-Artifacts-prod/simple/pluggy/1.6.0/pluggy-1.6.0-py3-none-any.whl", hash = "sha256:e920276dd6813095e9377c0bc5566d94c932c33b27a3e3945d8389c374dd4746" },
]

[[package]]
name = "psycopg2"
version = "2.9.10"
source = { registry = "https://pagaya-artifacts-704102000649.d.codeartifact.us-east-1.amazonaws.com/pypi/Pagaya-Artifacts-prod/simple/" }
sdist = { url = "https://pagaya-artifacts-704102000649.d.codeartifact.us-east-1.amazonaws.com/pypi/Pagaya-Artifacts-prod/simple/psycopg2/2.9.10/psycopg2-2.9.10.tar.gz", hash = "sha256:12ec0b40b0273f95296233e8750441339298e6a572f7039da5b260e3c8b60e11" }
wheels = [
    { url = "https://pagaya-artifacts-704102000649.d.codeartifact.us-east-1.amazonaws.com/pypi/Pagaya-Artifacts-prod/simple/psycopg2/2.9.10/psycopg2-2.9.10-cp310-cp310-win32.whl", hash = "sha256:5df2b672140f95adb453af93a7d669d7a7bf0a56bcd26f1502329166f4a61716" },
    { url = "https://pagaya-artifacts-704102000649.d.codeartifact.us-east-1.amazonaws.com/pypi/Pagaya-Artifacts-prod/simple/psycopg2/2.9.10/psycopg2-2.9.10-cp310-cp310-win_amd64.whl", hash = "sha256:c6f7b8561225f9e711a9c47087388a97fdc948211c10a4bccbf0ba68ab7b3b5a" },
]

[[package]]
name = "pydantic"
version = "2.11.7"
source = { registry = "https://pagaya-artifacts-704102000649.d.codeartifact.us-east-1.amazonaws.com/pypi/Pagaya-Artifacts-prod/simple/" }
dependencies = [
    { name = "annotated-types" },
    { name = "pydantic-core" },
    { name = "typing-extensions" },
    { name = "typing-inspection" },
]
sdist = { url = "https://pagaya-artifacts-704102000649.d.codeartifact.us-east-1.amazonaws.com/pypi/Pagaya-Artifacts-prod/simple/pydantic/2.11.7/pydantic-2.11.7.tar.gz", hash = "sha256:d989c3c6cb79469287b1569f7447a17848c998458d49ebe294e975b9baf0f0db" }
wheels = [
    { url = "https://pagaya-artifacts-704102000649.d.codeartifact.us-east-1.amazonaws.com/pypi/Pagaya-Artifacts-prod/simple/pydantic/2.11.7/pydantic-2.11.7-py3-none-any.whl", hash = "sha256:dde5df002701f6de26248661f6835bbe296a47bf73990135c7d07ce741b9623b" },
]

[[package]]
name = "pydantic-core"
version = "2.33.2"
source = { registry = "https://pagaya-artifacts-704102000649.d.codeartifact.us-east-1.amazonaws.com/pypi/Pagaya-Artifacts-prod/simple/" }
dependencies = [
    { name = "typing-extensions" },
]
sdist = { url = "https://pagaya-artifacts-704102000649.d.codeartifact.us-east-1.amazonaws.com/pypi/Pagaya-Artifacts-prod/simple/pydantic-core/2.33.2/pydantic_core-2.33.2.tar.gz", hash = "sha256:7cb8bc3605c29176e1b105350d2e6474142d7c1bd1d9327c4a9bdb46bf827acc" }
wheels = [
    { url = "https://pagaya-artifacts-704102000649.d.codeartifact.us-east-1.amazonaws.com/pypi/Pagaya-Artifacts-prod/simple/pydantic-core/2.33.2/pydantic_core-2.33.2-cp310-cp310-macosx_10_12_x86_64.whl", hash = "sha256:2b3d326aaef0c0399d9afffeb6367d5e26ddc24d351dbc9c636840ac355dc5d8" },
    { url = "https://pagaya-artifacts-704102000649.d.codeartifact.us-east-1.amazonaws.com/pypi/Pagaya-Artifacts-prod/simple/pydantic-core/2.33.2/pydantic_core-2.33.2-cp310-cp310-macosx_11_0_arm64.whl", hash = "sha256:0e5b2671f05ba48b94cb90ce55d8bdcaaedb8ba00cc5359f6810fc918713983d" },
    { url = "https://pagaya-artifacts-704102000649.d.codeartifact.us-east-1.amazonaws.com/pypi/Pagaya-Artifacts-prod/simple/pydantic-core/2.33.2/pydantic_core-2.33.2-cp310-cp310-manylinux_2_17_aarch64.manylinux2014_aarch64.whl", hash = "sha256:0069c9acc3f3981b9ff4cdfaf088e98d83440a4c7ea1bc07460af3d4dc22e72d" },
    { url = "https://pagaya-artifacts-704102000649.d.codeartifact.us-east-1.amazonaws.com/pypi/Pagaya-Artifacts-prod/simple/pydantic-core/2.33.2/pydantic_core-2.33.2-cp310-cp310-manylinux_2_17_armv7l.manylinux2014_armv7l.whl", hash = "sha256:d53b22f2032c42eaaf025f7c40c2e3b94568ae077a606f006d206a463bc69572" },
    { url = "https://pagaya-artifacts-704102000649.d.codeartifact.us-east-1.amazonaws.com/pypi/Pagaya-Artifacts-prod/simple/pydantic-core/2.33.2/pydantic_core-2.33.2-cp310-cp310-manylinux_2_17_ppc64le.manylinux2014_ppc64le.whl", hash = "sha256:0405262705a123b7ce9f0b92f123334d67b70fd1f20a9372b907ce1080c7ba02" },
    { url = "https://pagaya-artifacts-704102000649.d.codeartifact.us-east-1.amazonaws.com/pypi/Pagaya-Artifacts-prod/simple/pydantic-core/2.33.2/pydantic_core-2.33.2-cp310-cp310-manylinux_2_17_s390x.manylinux2014_s390x.whl", hash = "sha256:4b25d91e288e2c4e0662b8038a28c6a07eaac3e196cfc4ff69de4ea3db992a1b" },
    { url = "https://pagaya-artifacts-704102000649.d.codeartifact.us-east-1.amazonaws.com/pypi/Pagaya-Artifacts-prod/simple/pydantic-core/2.33.2/pydantic_core-2.33.2-cp310-cp310-manylinux_2_17_x86_64.manylinux2014_x86_64.whl", hash = "sha256:6bdfe4b3789761f3bcb4b1ddf33355a71079858958e3a552f16d5af19768fef2" },
    { url = "https://pagaya-artifacts-704102000649.d.codeartifact.us-east-1.amazonaws.com/pypi/Pagaya-Artifacts-prod/simple/pydantic-core/2.33.2/pydantic_core-2.33.2-cp310-cp310-manylinux_2_5_i686.manylinux1_i686.whl", hash = "sha256:efec8db3266b76ef9607c2c4c419bdb06bf335ae433b80816089ea7585816f6a" },
    { url = "https://pagaya-artifacts-704102000649.d.codeartifact.us-east-1.amazonaws.com/pypi/Pagaya-Artifacts-prod/simple/pydantic-core/2.33.2/pydantic_core-2.33.2-cp310-cp310-musllinux_1_1_aarch64.whl", hash = "sha256:031c57d67ca86902726e0fae2214ce6770bbe2f710dc33063187a68744a5ecac" },
    { url = "https://pagaya-artifacts-704102000649.d.codeartifact.us-east-1.amazonaws.com/pypi/Pagaya-Artifacts-prod/simple/pydantic-core/2.33.2/pydantic_core-2.33.2-cp310-cp310-musllinux_1_1_armv7l.whl", hash = "sha256:f8de619080e944347f5f20de29a975c2d815d9ddd8be9b9b7268e2e3ef68605a" },
    { url = "https://pagaya-artifacts-704102000649.d.codeartifact.us-east-1.amazonaws.com/pypi/Pagaya-Artifacts-prod/simple/pydantic-core/2.33.2/pydantic_core-2.33.2-cp310-cp310-musllinux_1_1_x86_64.whl", hash = "sha256:73662edf539e72a9440129f231ed3757faab89630d291b784ca99237fb94db2b" },
    { url = "https://pagaya-artifacts-704102000649.d.codeartifact.us-east-1.amazonaws.com/pypi/Pagaya-Artifacts-prod/simple/pydantic-core/2.33.2/pydantic_core-2.33.2-cp310-cp310-win32.whl", hash = "sha256:0a39979dcbb70998b0e505fb1556a1d550a0781463ce84ebf915ba293ccb7e22" },
    { url = "https://pagaya-artifacts-704102000649.d.codeartifact.us-east-1.amazonaws.com/pypi/Pagaya-Artifacts-prod/simple/pydantic-core/2.33.2/pydantic_core-2.33.2-cp310-cp310-win_amd64.whl", hash = "sha256:b0379a2b24882fef529ec3b4987cb5d003b9cda32256024e6fe1586ac45fc640" },
    { url = "https://pagaya-artifacts-704102000649.d.codeartifact.us-east-1.amazonaws.com/pypi/Pagaya-Artifacts-prod/simple/pydantic-core/2.33.2/pydantic_core-2.33.2-pp310-pypy310_pp73-macosx_10_12_x86_64.whl", hash = "sha256:5c4aa4e82353f65e548c476b37e64189783aa5384903bfea4f41580f255fddfa" },
    { url = "https://pagaya-artifacts-704102000649.d.codeartifact.us-east-1.amazonaws.com/pypi/Pagaya-Artifacts-prod/simple/pydantic-core/2.33.2/pydantic_core-2.33.2-pp310-pypy310_pp73-macosx_11_0_arm64.whl", hash = "sha256:d946c8bf0d5c24bf4fe333af284c59a19358aa3ec18cb3dc4370080da1e8ad29" },
    { url = "https://pagaya-artifacts-704102000649.d.codeartifact.us-east-1.amazonaws.com/pypi/Pagaya-Artifacts-prod/simple/pydantic-core/2.33.2/pydantic_core-2.33.2-pp310-pypy310_pp73-manylinux_2_17_aarch64.manylinux2014_aarch64.whl", hash = "sha256:87b31b6846e361ef83fedb187bb5b4372d0da3f7e28d85415efa92d6125d6e6d" },
    { url = "https://pagaya-artifacts-704102000649.d.codeartifact.us-east-1.amazonaws.com/pypi/Pagaya-Artifacts-prod/simple/pydantic-core/2.33.2/pydantic_core-2.33.2-pp310-pypy310_pp73-manylinux_2_17_x86_64.manylinux2014_x86_64.whl", hash = "sha256:aa9d91b338f2df0508606f7009fde642391425189bba6d8c653afd80fd6bb64e" },
    { url = "https://pagaya-artifacts-704102000649.d.codeartifact.us-east-1.amazonaws.com/pypi/Pagaya-Artifacts-prod/simple/pydantic-core/2.33.2/pydantic_core-2.33.2-pp310-pypy310_pp73-manylinux_2_5_i686.manylinux1_i686.whl", hash = "sha256:2058a32994f1fde4ca0480ab9d1e75a0e8c87c22b53a3ae66554f9af78f2fe8c" },
    { url = "https://pagaya-artifacts-704102000649.d.codeartifact.us-east-1.amazonaws.com/pypi/Pagaya-Artifacts-prod/simple/pydantic-core/2.33.2/pydantic_core-2.33.2-pp310-pypy310_pp73-musllinux_1_1_aarch64.whl", hash = "sha256:0e03262ab796d986f978f79c943fc5f620381be7287148b8010b4097f79a39ec" },
    { url = "https://pagaya-artifacts-704102000649.d.codeartifact.us-east-1.amazonaws.com/pypi/Pagaya-Artifacts-prod/simple/pydantic-core/2.33.2/pydantic_core-2.33.2-pp310-pypy310_pp73-musllinux_1_1_armv7l.whl", hash = "sha256:1a8695a8d00c73e50bff9dfda4d540b7dee29ff9b8053e38380426a85ef10052" },
    { url = "https://pagaya-artifacts-704102000649.d.codeartifact.us-east-1.amazonaws.com/pypi/Pagaya-Artifacts-prod/simple/pydantic-core/2.33.2/pydantic_core-2.33.2-pp310-pypy310_pp73-musllinux_1_1_x86_64.whl", hash = "sha256:fa754d1850735a0b0e03bcffd9d4b4343eb417e47196e4485d9cca326073a42c" },
    { url = "https://pagaya-artifacts-704102000649.d.codeartifact.us-east-1.amazonaws.com/pypi/Pagaya-Artifacts-prod/simple/pydantic-core/2.33.2/pydantic_core-2.33.2-pp310-pypy310_pp73-win_amd64.whl", hash = "sha256:a11c8d26a50bfab49002947d3d237abe4d9e4b5bdc8846a63537b6488e197808" },
]

[[package]]
name = "pygments"
version = "2.19.2"
source = { registry = "https://pagaya-artifacts-704102000649.d.codeartifact.us-east-1.amazonaws.com/pypi/Pagaya-Artifacts-prod/simple/" }
sdist = { url = "https://pagaya-artifacts-704102000649.d.codeartifact.us-east-1.amazonaws.com/pypi/Pagaya-Artifacts-prod/simple/pygments/2.19.2/pygments-2.19.2.tar.gz", hash = "sha256:636cb2477cec7f8952536970bc533bc43743542f70392ae026374600add5b887" }
wheels = [
    { url = "https://pagaya-artifacts-704102000649.d.codeartifact.us-east-1.amazonaws.com/pypi/Pagaya-Artifacts-prod/simple/pygments/2.19.2/pygments-2.19.2-py3-none-any.whl", hash = "sha256:86540386c03d588bb81d44bc3928634ff26449851e99741617ecb9037ee5ec0b" },
]

[[package]]
name = "pytest"
version = "8.4.1"
source = { registry = "https://pagaya-artifacts-704102000649.d.codeartifact.us-east-1.amazonaws.com/pypi/Pagaya-Artifacts-prod/simple/" }
dependencies = [
    { name = "colorama", marker = "sys_platform == 'win32'" },
    { name = "exceptiongroup" },
    { name = "iniconfig" },
    { name = "packaging" },
    { name = "pluggy" },
    { name = "pygments" },
    { name = "tomli" },
]
sdist = { url = "https://pagaya-artifacts-704102000649.d.codeartifact.us-east-1.amazonaws.com/pypi/Pagaya-Artifacts-prod/simple/pytest/8.4.1/pytest-8.4.1.tar.gz", hash = "sha256:7c67fd69174877359ed9371ec3af8a3d2b04741818c51e5e99cc1742251fa93c" }
wheels = [
    { url = "https://pagaya-artifacts-704102000649.d.codeartifact.us-east-1.amazonaws.com/pypi/Pagaya-Artifacts-prod/simple/pytest/8.4.1/pytest-8.4.1-py3-none-any.whl", hash = "sha256:539c70ba6fcead8e78eebbf1115e8b589e7565830d7d006a8723f19ac8a0afb7" },
]

[[package]]
name = "pytest-cov"
version = "6.2.1"
source = { registry = "https://pagaya-artifacts-704102000649.d.codeartifact.us-east-1.amazonaws.com/pypi/Pagaya-Artifacts-prod/simple/" }
dependencies = [
    { name = "coverage", extra = ["toml"] },
    { name = "pluggy" },
    { name = "pytest" },
]
sdist = { url = "https://pagaya-artifacts-704102000649.d.codeartifact.us-east-1.amazonaws.com/pypi/Pagaya-Artifacts-prod/simple/pytest-cov/6.2.1/pytest_cov-6.2.1.tar.gz", hash = "sha256:25cc6cc0a5358204b8108ecedc51a9b57b34cc6b8c967cc2c01a4e00d8a67da2" }
wheels = [
    { url = "https://pagaya-artifacts-704102000649.d.codeartifact.us-east-1.amazonaws.com/pypi/Pagaya-Artifacts-prod/simple/pytest-cov/6.2.1/pytest_cov-6.2.1-py3-none-any.whl", hash = "sha256:f5bc4c23f42f1cdd23c70b1dab1bbaef4fc505ba950d53e0081d0730dd7e86d5" },
]

[[package]]
name = "pytest-mock"
version = "3.14.1"
source = { registry = "https://pagaya-artifacts-704102000649.d.codeartifact.us-east-1.amazonaws.com/pypi/Pagaya-Artifacts-prod/simple/" }
dependencies = [
    { name = "pytest" },
]
sdist = { url = "https://pagaya-artifacts-704102000649.d.codeartifact.us-east-1.amazonaws.com/pypi/Pagaya-Artifacts-prod/simple/pytest-mock/3.14.1/pytest_mock-3.14.1.tar.gz", hash = "sha256:159e9edac4c451ce77a5cdb9fc5d1100708d2dd4ba3c3df572f14097351af80e" }
wheels = [
    { url = "https://pagaya-artifacts-704102000649.d.codeartifact.us-east-1.amazonaws.com/pypi/Pagaya-Artifacts-prod/simple/pytest-mock/3.14.1/pytest_mock-3.14.1-py3-none-any.whl", hash = "sha256:178aefcd11307d874b4cd3100344e7e2d888d9791a6a1d9bfe90fbc1b74fd1d0" },
]

[[package]]
name = "ruff"
version = "0.12.11"
source = { registry = "https://pagaya-artifacts-704102000649.d.codeartifact.us-east-1.amazonaws.com/pypi/Pagaya-Artifacts-prod/simple/" }
sdist = { url = "https://pagaya-artifacts-704102000649.d.codeartifact.us-east-1.amazonaws.com/pypi/Pagaya-Artifacts-prod/simple/ruff/0.12.11/ruff-0.12.11.tar.gz", hash = "sha256:c6b09ae8426a65bbee5425b9d0b82796dbb07cb1af045743c79bfb163001165d" }
wheels = [
    { url = "https://pagaya-artifacts-704102000649.d.codeartifact.us-east-1.amazonaws.com/pypi/Pagaya-Artifacts-prod/simple/ruff/0.12.11/ruff-0.12.11-py3-none-linux_armv6l.whl", hash = "sha256:93fce71e1cac3a8bf9200e63a38ac5c078f3b6baebffb74ba5274fb2ab276065" },
    { url = "https://pagaya-artifacts-704102000649.d.codeartifact.us-east-1.amazonaws.com/pypi/Pagaya-Artifacts-prod/simple/ruff/0.12.11/ruff-0.12.11-py3-none-macosx_10_12_x86_64.whl", hash = "sha256:b8e33ac7b28c772440afa80cebb972ffd823621ded90404f29e5ab6d1e2d4b93" },
    { url = "https://pagaya-artifacts-704102000649.d.codeartifact.us-east-1.amazonaws.com/pypi/Pagaya-Artifacts-prod/simple/ruff/0.12.11/ruff-0.12.11-py3-none-macosx_11_0_arm64.whl", hash = "sha256:d69fb9d4937aa19adb2e9f058bc4fbfe986c2040acb1a4a9747734834eaa0bfd" },
    { url = "https://pagaya-artifacts-704102000649.d.codeartifact.us-east-1.amazonaws.com/pypi/Pagaya-Artifacts-prod/simple/ruff/0.12.11/ruff-0.12.11-py3-none-manylinux_2_17_aarch64.manylinux2014_aarch64.whl", hash = "sha256:411954eca8464595077a93e580e2918d0a01a19317af0a72132283e28ae21bee" },
    { url = "https://pagaya-artifacts-704102000649.d.codeartifact.us-east-1.amazonaws.com/pypi/Pagaya-Artifacts-prod/simple/ruff/0.12.11/ruff-0.12.11-py3-none-manylinux_2_17_armv7l.manylinux2014_armv7l.whl", hash = "sha256:6a2c0a2e1a450f387bf2c6237c727dd22191ae8c00e448e0672d624b2bbd7fb0" },
    { url = "https://pagaya-artifacts-704102000649.d.codeartifact.us-east-1.amazonaws.com/pypi/Pagaya-Artifacts-prod/simple/ruff/0.12.11/ruff-0.12.11-py3-none-manylinux_2_17_i686.manylinux2014_i686.whl", hash = "sha256:8ca4c3a7f937725fd2413c0e884b5248a19369ab9bdd850b5781348ba283f644" },
    { url = "https://pagaya-artifacts-704102000649.d.codeartifact.us-east-1.amazonaws.com/pypi/Pagaya-Artifacts-prod/simple/ruff/0.12.11/ruff-0.12.11-py3-none-manylinux_2_17_ppc64.manylinux2014_ppc64.whl", hash = "sha256:4d1df0098124006f6a66ecf3581a7f7e754c4df7644b2e6704cd7ca80ff95211" },
    { url = "https://pagaya-artifacts-704102000649.d.codeartifact.us-east-1.amazonaws.com/pypi/Pagaya-Artifacts-prod/simple/ruff/0.12.11/ruff-0.12.11-py3-none-manylinux_2_17_ppc64le.manylinux2014_ppc64le.whl", hash = "sha256:5a8dd5f230efc99a24ace3b77e3555d3fbc0343aeed3fc84c8d89e75ab2ff793" },
    { url = "https://pagaya-artifacts-704102000649.d.codeartifact.us-east-1.amazonaws.com/pypi/Pagaya-Artifacts-prod/simple/ruff/0.12.11/ruff-0.12.11-py3-none-manylinux_2_17_s390x.manylinux2014_s390x.whl", hash = "sha256:4dc75533039d0ed04cd33fb8ca9ac9620b99672fe7ff1533b6402206901c34ee" },
    { url = "https://pagaya-artifacts-704102000649.d.codeartifact.us-east-1.amazonaws.com/pypi/Pagaya-Artifacts-prod/simple/ruff/0.12.11/ruff-0.12.11-py3-none-manylinux_2_17_x86_64.manylinux2014_x86_64.whl", hash = "sha256:4fc58f9266d62c6eccc75261a665f26b4ef64840887fc6cbc552ce5b29f96cc8" },
    { url = "https://pagaya-artifacts-704102000649.d.codeartifact.us-east-1.amazonaws.com/pypi/Pagaya-Artifacts-prod/simple/ruff/0.12.11/ruff-0.12.11-py3-none-manylinux_2_31_riscv64.whl", hash = "sha256:5a0113bd6eafd545146440225fe60b4e9489f59eb5f5f107acd715ba5f0b3d2f" },
    { url = "https://pagaya-artifacts-704102000649.d.codeartifact.us-east-1.amazonaws.com/pypi/Pagaya-Artifacts-prod/simple/ruff/0.12.11/ruff-0.12.11-py3-none-musllinux_1_2_aarch64.whl", hash = "sha256:0d737b4059d66295c3ea5720e6efc152623bb83fde5444209b69cd33a53e2000" },
    { url = "https://pagaya-artifacts-704102000649.d.codeartifact.us-east-1.amazonaws.com/pypi/Pagaya-Artifacts-prod/simple/ruff/0.12.11/ruff-0.12.11-py3-none-musllinux_1_2_armv7l.whl", hash = "sha256:916fc5defee32dbc1fc1650b576a8fed68f5e8256e2180d4d9855aea43d6aab2" },
    { url = "https://pagaya-artifacts-704102000649.d.codeartifact.us-east-1.amazonaws.com/pypi/Pagaya-Artifacts-prod/simple/ruff/0.12.11/ruff-0.12.11-py3-none-musllinux_1_2_i686.whl", hash = "sha256:c984f07d7adb42d3ded5be894fb4007f30f82c87559438b4879fe7aa08c62b39" },
    { url = "https://pagaya-artifacts-704102000649.d.codeartifact.us-east-1.amazonaws.com/pypi/Pagaya-Artifacts-prod/simple/ruff/0.12.11/ruff-0.12.11-py3-none-musllinux_1_2_x86_64.whl", hash = "sha256:e07fbb89f2e9249f219d88331c833860489b49cdf4b032b8e4432e9b13e8a4b9" },
    { url = "https://pagaya-artifacts-704102000649.d.codeartifact.us-east-1.amazonaws.com/pypi/Pagaya-Artifacts-prod/simple/ruff/0.12.11/ruff-0.12.11-py3-none-win32.whl", hash = "sha256:c792e8f597c9c756e9bcd4d87cf407a00b60af77078c96f7b6366ea2ce9ba9d3" },
    { url = "https://pagaya-artifacts-704102000649.d.codeartifact.us-east-1.amazonaws.com/pypi/Pagaya-Artifacts-prod/simple/ruff/0.12.11/ruff-0.12.11-py3-none-win_amd64.whl", hash = "sha256:a3283325960307915b6deb3576b96919ee89432ebd9c48771ca12ee8afe4a0fd" },
    { url = "https://pagaya-artifacts-704102000649.d.codeartifact.us-east-1.amazonaws.com/pypi/Pagaya-Artifacts-prod/simple/ruff/0.12.11/ruff-0.12.11-py3-none-win_arm64.whl", hash = "sha256:bae4d6e6a2676f8fb0f98b74594a048bae1b944aab17e9f5d504062303c6dbea" },
]

[[package]]
name = "sqlalchemy"
version = "1.3.24"
source = { registry = "https://pagaya-artifacts-704102000649.d.codeartifact.us-east-1.amazonaws.com/pypi/Pagaya-Artifacts-prod/simple/" }
sdist = { url = "https://pagaya-artifacts-704102000649.d.codeartifact.us-east-1.amazonaws.com/pypi/Pagaya-Artifacts-prod/simple/sqlalchemy/1.3.24/SQLAlchemy-1.3.24.tar.gz", hash = "sha256:ebbb777cbf9312359b897bf81ba00dae0f5cb69fba2a18265dcc18a6f5ef7519" }

[[package]]
name = "tomli"
version = "2.2.1"
source = { registry = "https://pagaya-artifacts-704102000649.d.codeartifact.us-east-1.amazonaws.com/pypi/Pagaya-Artifacts-prod/simple/" }
sdist = { url = "https://pagaya-artifacts-704102000649.d.codeartifact.us-east-1.amazonaws.com/pypi/Pagaya-Artifacts-prod/simple/tomli/2.2.1/tomli-2.2.1.tar.gz", hash = "sha256:cd45e1dc79c835ce60f7404ec8119f2eb06d38b1deba146f07ced3bbc44505ff" }
wheels = [
    { url = "https://pagaya-artifacts-704102000649.d.codeartifact.us-east-1.amazonaws.com/pypi/Pagaya-Artifacts-prod/simple/tomli/2.2.1/tomli-2.2.1-py3-none-any.whl", hash = "sha256:cb55c73c5f4408779d0cf3eef9f762b9c9f147a77de7b258bef0a5628adc85cc" },
]

[[package]]
name = "typing-extensions"
version = "4.14.1"
source = { registry = "https://pagaya-artifacts-704102000649.d.codeartifact.us-east-1.amazonaws.com/pypi/Pagaya-Artifacts-prod/simple/" }
sdist = { url = "https://pagaya-artifacts-704102000649.d.codeartifact.us-east-1.amazonaws.com/pypi/Pagaya-Artifacts-prod/simple/typing-extensions/4.14.1/typing_extensions-4.14.1.tar.gz", hash = "sha256:38b39f4aeeab64884ce9f74c94263ef78f3c22467c8724005483154c26648d36" }
wheels = [
    { url = "https://pagaya-artifacts-704102000649.d.codeartifact.us-east-1.amazonaws.com/pypi/Pagaya-Artifacts-prod/simple/typing-extensions/4.14.1/typing_extensions-4.14.1-py3-none-any.whl", hash = "sha256:d1e1e3b58374dc93031d6eda2420a48ea44a36c2b4766a4fdeb3710755731d76" },
]

[[package]]
name = "typing-inspection"
version = "0.4.1"
source = { registry = "https://pagaya-artifacts-704102000649.d.codeartifact.us-east-1.amazonaws.com/pypi/Pagaya-Artifacts-prod/simple/" }
dependencies = [
    { name = "typing-extensions" },
]
sdist = { url = "https://pagaya-artifacts-704102000649.d.codeartifact.us-east-1.amazonaws.com/pypi/Pagaya-Artifacts-prod/simple/typing-inspection/0.4.1/typing_inspection-0.4.1.tar.gz", hash = "sha256:6ae134cc0203c33377d43188d4064e9b357dba58cff3185f22924610e70a9d28" }
wheels = [
    { url = "https://pagaya-artifacts-704102000649.d.codeartifact.us-east-1.amazonaws.com/pypi/Pagaya-Artifacts-prod/simple/typing-inspection/0.4.1/typing_inspection-0.4.1-py3-none-any.whl", hash = "sha256:389055682238f53b04f7badcb49b989835495a96700ced5dab2d8feae4b26f51" },
]
