version = 1
revision = 3
requires-python = "==3.10.*"

[[package]]
name = "amqp"
version = "5.3.1"
source = { registry = "https://pagaya-artifacts-704102000649.d.codeartifact.us-east-1.amazonaws.com/pypi/Pagaya-Artifacts-prod/simple/" }
dependencies = [
    { name = "vine" },
]
sdist = { url = "https://pagaya-artifacts-704102000649.d.codeartifact.us-east-1.amazonaws.com/pypi/Pagaya-Artifacts-prod/simple/amqp/5.3.1/amqp-5.3.1.tar.gz", hash = "sha256:cddc00c725449522023bad949f70fff7b48f0b1ade74d170a6f10ab044739432" }
wheels = [
    { url = "https://pagaya-artifacts-704102000649.d.codeartifact.us-east-1.amazonaws.com/pypi/Pagaya-Artifacts-prod/simple/amqp/5.3.1/amqp-5.3.1-py3-none-any.whl", hash = "sha256:43b3319e1b4e7d1251833a93d672b4af1e40f3d632d479b98661a95f117880a2" },
]

[[package]]
name = "annotated-types"
version = "0.7.0"
source = { registry = "https://pagaya-artifacts-704102000649.d.codeartifact.us-east-1.amazonaws.com/pypi/Pagaya-Artifacts-prod/simple/" }
sdist = { url = "https://pagaya-artifacts-704102000649.d.codeartifact.us-east-1.amazonaws.com/pypi/Pagaya-Artifacts-prod/simple/annotated-types/0.7.0/annotated_types-0.7.0.tar.gz", hash = "sha256:aff07c09a53a08bc8cfccb9c85b05f1aa9a2a6f23728d790723543408344ce89" }
wheels = [
    { url = "https://pagaya-artifacts-704102000649.d.codeartifact.us-east-1.amazonaws.com/pypi/Pagaya-Artifacts-prod/simple/annotated-types/0.7.0/annotated_types-0.7.0-py3-none-any.whl", hash = "sha256:1f02e8b43a8fbbc3f3e0d4f0f4bfc8131bcb4eebe8849b8e5c773f3a1c582a53" },
]

[[package]]
name = "async-timeout"
version = "5.0.1"
source = { registry = "https://pagaya-artifacts-704102000649.d.codeartifact.us-east-1.amazonaws.com/pypi/Pagaya-Artifacts-prod/simple/" }
sdist = { url = "https://pagaya-artifacts-704102000649.d.codeartifact.us-east-1.amazonaws.com/pypi/Pagaya-Artifacts-prod/simple/async-timeout/5.0.1/async_timeout-5.0.1.tar.gz", hash = "sha256:d9321a7a3d5a6a5e187e824d2fa0793ce379a202935782d555d6e9d2735677d3" }
wheels = [
    { url = "https://pagaya-artifacts-704102000649.d.codeartifact.us-east-1.amazonaws.com/pypi/Pagaya-Artifacts-prod/simple/async-timeout/5.0.1/async_timeout-5.0.1-py3-none-any.whl", hash = "sha256:39e3809566ff85354557ec2398b55e096c8364bacac9405a7a1fa429e77fe76c" },
]

[[package]]
name = "billiard"
version = "4.2.1"
source = { registry = "https://pagaya-artifacts-704102000649.d.codeartifact.us-east-1.amazonaws.com/pypi/Pagaya-Artifacts-prod/simple/" }
sdist = { url = "https://pagaya-artifacts-704102000649.d.codeartifact.us-east-1.amazonaws.com/pypi/Pagaya-Artifacts-prod/simple/billiard/4.2.1/billiard-4.2.1.tar.gz", hash = "sha256:12b641b0c539073fc8d3f5b8b7be998956665c4233c7c1fcd66a7e677c4fb36f" }
wheels = [
    { url = "https://pagaya-artifacts-704102000649.d.codeartifact.us-east-1.amazonaws.com/pypi/Pagaya-Artifacts-prod/simple/billiard/4.2.1/billiard-4.2.1-py3-none-any.whl", hash = "sha256:40b59a4ac8806ba2c2369ea98d876bc6108b051c227baffd928c644d15d8f3cb" },
]

[[package]]
name = "celery"
version = "5.5.3"
source = { registry = "https://pagaya-artifacts-704102000649.d.codeartifact.us-east-1.amazonaws.com/pypi/Pagaya-Artifacts-prod/simple/" }
dependencies = [
    { name = "billiard" },
    { name = "click" },
    { name = "click-didyoumean" },
    { name = "click-plugins" },
    { name = "click-repl" },
    { name = "kombu" },
    { name = "python-dateutil" },
    { name = "vine" },
]
sdist = { url = "https://pagaya-artifacts-704102000649.d.codeartifact.us-east-1.amazonaws.com/pypi/Pagaya-Artifacts-prod/simple/celery/5.5.3/celery-5.5.3.tar.gz", hash = "sha256:6c972ae7968c2b5281227f01c3a3f984037d21c5129d07bf3550cc2afc6b10a5" }
wheels = [
    { url = "https://pagaya-artifacts-704102000649.d.codeartifact.us-east-1.amazonaws.com/pypi/Pagaya-Artifacts-prod/simple/celery/5.5.3/celery-5.5.3-py3-none-any.whl", hash = "sha256:0b5761a07057acee94694464ca482416b959568904c9dfa41ce8413a7d65d525" },
]

[[package]]
name = "certifi"
version = "2025.8.3"
source = { registry = "https://pagaya-artifacts-704102000649.d.codeartifact.us-east-1.amazonaws.com/pypi/Pagaya-Artifacts-prod/simple/" }
sdist = { url = "https://pagaya-artifacts-704102000649.d.codeartifact.us-east-1.amazonaws.com/pypi/Pagaya-Artifacts-prod/simple/certifi/2025.8.3/certifi-2025.8.3.tar.gz", hash = "sha256:e564105f78ded564e3ae7c923924435e1daa7463faeab5bb932bc53ffae63407" }
wheels = [
    { url = "https://pagaya-artifacts-704102000649.d.codeartifact.us-east-1.amazonaws.com/pypi/Pagaya-Artifacts-prod/simple/certifi/2025.8.3/certifi-2025.8.3-py3-none-any.whl", hash = "sha256:f6c12493cfb1b06ba2ff328595af9350c65d6644968e5d3a2ffd78699af217a5" },
]

[[package]]
name = "charset-normalizer"
version = "3.4.2"
source = { registry = "https://pagaya-artifacts-704102000649.d.codeartifact.us-east-1.amazonaws.com/pypi/Pagaya-Artifacts-prod/simple/" }
sdist = { url = "https://pagaya-artifacts-704102000649.d.codeartifact.us-east-1.amazonaws.com/pypi/Pagaya-Artifacts-prod/simple/charset-normalizer/3.4.2/charset_normalizer-3.4.2.tar.gz", hash = "sha256:5baececa9ecba31eff645232d59845c07aa030f0c81ee70184a90d35099a0e63" }
wheels = [
    { url = "https://pagaya-artifacts-704102000649.d.codeartifact.us-east-1.amazonaws.com/pypi/Pagaya-Artifacts-prod/simple/charset-normalizer/3.4.2/charset_normalizer-3.4.2-cp310-cp310-macosx_10_9_universal2.whl", hash = "sha256:7c48ed483eb946e6c04ccbe02c6b4d1d48e51944b6db70f697e089c193404941" },
    { url = "https://pagaya-artifacts-704102000649.d.codeartifact.us-east-1.amazonaws.com/pypi/Pagaya-Artifacts-prod/simple/charset-normalizer/3.4.2/charset_normalizer-3.4.2-cp310-cp310-manylinux_2_17_aarch64.manylinux2014_aarch64.whl", hash = "sha256:b2d318c11350e10662026ad0eb71bb51c7812fc8590825304ae0bdd4ac283acd" },
    { url = "https://pagaya-artifacts-704102000649.d.codeartifact.us-east-1.amazonaws.com/pypi/Pagaya-Artifacts-prod/simple/charset-normalizer/3.4.2/charset_normalizer-3.4.2-cp310-cp310-manylinux_2_17_ppc64le.manylinux2014_ppc64le.whl", hash = "sha256:9cbfacf36cb0ec2897ce0ebc5d08ca44213af24265bd56eca54bee7923c48fd6" },
    { url = "https://pagaya-artifacts-704102000649.d.codeartifact.us-east-1.amazonaws.com/pypi/Pagaya-Artifacts-prod/simple/charset-normalizer/3.4.2/charset_normalizer-3.4.2-cp310-cp310-manylinux_2_17_s390x.manylinux2014_s390x.whl", hash = "sha256:18dd2e350387c87dabe711b86f83c9c78af772c748904d372ade190b5c7c9d4d" },
    { url = "https://pagaya-artifacts-704102000649.d.codeartifact.us-east-1.amazonaws.com/pypi/Pagaya-Artifacts-prod/simple/charset-normalizer/3.4.2/charset_normalizer-3.4.2-cp310-cp310-manylinux_2_17_x86_64.manylinux2014_x86_64.whl", hash = "sha256:8075c35cd58273fee266c58c0c9b670947c19df5fb98e7b66710e04ad4e9ff86" },
    { url = "https://pagaya-artifacts-704102000649.d.codeartifact.us-east-1.amazonaws.com/pypi/Pagaya-Artifacts-prod/simple/charset-normalizer/3.4.2/charset_normalizer-3.4.2-cp310-cp310-manylinux_2_5_i686.manylinux1_i686.manylinux_2_17_i686.manylinux2014_i686.whl", hash = "sha256:5bf4545e3b962767e5c06fe1738f951f77d27967cb2caa64c28be7c4563e162c" },
    { url = "https://pagaya-artifacts-704102000649.d.codeartifact.us-east-1.amazonaws.com/pypi/Pagaya-Artifacts-prod/simple/charset-normalizer/3.4.2/charset_normalizer-3.4.2-cp310-cp310-musllinux_1_2_aarch64.whl", hash = "sha256:7a6ab32f7210554a96cd9e33abe3ddd86732beeafc7a28e9955cdf22ffadbab0" },
    { url = "https://pagaya-artifacts-704102000649.d.codeartifact.us-east-1.amazonaws.com/pypi/Pagaya-Artifacts-prod/simple/charset-normalizer/3.4.2/charset_normalizer-3.4.2-cp310-cp310-musllinux_1_2_i686.whl", hash = "sha256:b33de11b92e9f75a2b545d6e9b6f37e398d86c3e9e9653c4864eb7e89c5773ef" },
    { url = "https://pagaya-artifacts-704102000649.d.codeartifact.us-east-1.amazonaws.com/pypi/Pagaya-Artifacts-prod/simple/charset-normalizer/3.4.2/charset_normalizer-3.4.2-cp310-cp310-musllinux_1_2_ppc64le.whl", hash = "sha256:8755483f3c00d6c9a77f490c17e6ab0c8729e39e6390328e42521ef175380ae6" },
    { url = "https://pagaya-artifacts-704102000649.d.codeartifact.us-east-1.amazonaws.com/pypi/Pagaya-Artifacts-prod/simple/charset-normalizer/3.4.2/charset_normalizer-3.4.2-cp310-cp310-musllinux_1_2_s390x.whl", hash = "sha256:68a328e5f55ec37c57f19ebb1fdc56a248db2e3e9ad769919a58672958e8f366" },
    { url = "https://pagaya-artifacts-704102000649.d.codeartifact.us-east-1.amazonaws.com/pypi/Pagaya-Artifacts-prod/simple/charset-normalizer/3.4.2/charset_normalizer-3.4.2-cp310-cp310-musllinux_1_2_x86_64.whl", hash = "sha256:21b2899062867b0e1fde9b724f8aecb1af14f2778d69aacd1a5a1853a597a5db" },
    { url = "https://pagaya-artifacts-704102000649.d.codeartifact.us-east-1.amazonaws.com/pypi/Pagaya-Artifacts-prod/simple/charset-normalizer/3.4.2/charset_normalizer-3.4.2-cp310-cp310-win32.whl", hash = "sha256:e8082b26888e2f8b36a042a58307d5b917ef2b1cacab921ad3323ef91901c71a" },
    { url = "https://pagaya-artifacts-704102000649.d.codeartifact.us-east-1.amazonaws.com/pypi/Pagaya-Artifacts-prod/simple/charset-normalizer/3.4.2/charset_normalizer-3.4.2-cp310-cp310-win_amd64.whl", hash = "sha256:f69a27e45c43520f5487f27627059b64aaf160415589230992cec34c5e18a509" },
    { url = "https://pagaya-artifacts-704102000649.d.codeartifact.us-east-1.amazonaws.com/pypi/Pagaya-Artifacts-prod/simple/charset-normalizer/3.4.2/charset_normalizer-3.4.2-py3-none-any.whl", hash = "sha256:7f56930ab0abd1c45cd15be65cc741c28b1c9a34876ce8c17a2fa107810c0af0" },
]

[[package]]
name = "click"
version = "8.2.1"
source = { registry = "https://pagaya-artifacts-704102000649.d.codeartifact.us-east-1.amazonaws.com/pypi/Pagaya-Artifacts-prod/simple/" }
dependencies = [
    { name = "colorama", marker = "sys_platform == 'win32'" },
]
sdist = { url = "https://pagaya-artifacts-704102000649.d.codeartifact.us-east-1.amazonaws.com/pypi/Pagaya-Artifacts-prod/simple/click/8.2.1/click-8.2.1.tar.gz", hash = "sha256:27c491cc05d968d271d5a1db13e3b5a184636d9d930f148c50b038f0d0646202" }
wheels = [
    { url = "https://pagaya-artifacts-704102000649.d.codeartifact.us-east-1.amazonaws.com/pypi/Pagaya-Artifacts-prod/simple/click/8.2.1/click-8.2.1-py3-none-any.whl", hash = "sha256:61a3265b914e850b85317d0b3109c7f8cd35a670f963866005d6ef1d5175a12b" },
]

[[package]]
name = "click-didyoumean"
version = "0.3.1"
source = { registry = "https://pagaya-artifacts-704102000649.d.codeartifact.us-east-1.amazonaws.com/pypi/Pagaya-Artifacts-prod/simple/" }
dependencies = [
    { name = "click" },
]
sdist = { url = "https://pagaya-artifacts-704102000649.d.codeartifact.us-east-1.amazonaws.com/pypi/Pagaya-Artifacts-prod/simple/click-didyoumean/0.3.1/click_didyoumean-0.3.1.tar.gz", hash = "sha256:4f82fdff0dbe64ef8ab2279bd6aa3f6a99c3b28c05aa09cbfc07c9d7fbb5a463" }
wheels = [
    { url = "https://pagaya-artifacts-704102000649.d.codeartifact.us-east-1.amazonaws.com/pypi/Pagaya-Artifacts-prod/simple/click-didyoumean/0.3.1/click_didyoumean-0.3.1-py3-none-any.whl", hash = "sha256:5c4bb6007cfea5f2fd6583a2fb6701a22a41eb98957e63d0fac41c10e7c3117c" },
]

[[package]]
name = "click-plugins"
version = "1.1.1.2"
source = { registry = "https://pagaya-artifacts-704102000649.d.codeartifact.us-east-1.amazonaws.com/pypi/Pagaya-Artifacts-prod/simple/" }
dependencies = [
    { name = "click" },
]
sdist = { url = "https://pagaya-artifacts-704102000649.d.codeartifact.us-east-1.amazonaws.com/pypi/Pagaya-Artifacts-prod/simple/click-plugins/1.1.1.2/click_plugins-1.1.1.2.tar.gz", hash = "sha256:d7af3984a99d243c131aa1a828331e7630f4a88a9741fd05c927b204bcf92261" }
wheels = [
    { url = "https://pagaya-artifacts-704102000649.d.codeartifact.us-east-1.amazonaws.com/pypi/Pagaya-Artifacts-prod/simple/click-plugins/1.1.1.2/click_plugins-1.1.1.2-py2.py3-none-any.whl", hash = "sha256:008d65743833ffc1f5417bf0e78e8d2c23aab04d9745ba817bd3e71b0feb6aa6" },
]

[[package]]
name = "click-repl"
version = "0.3.0"
source = { registry = "https://pagaya-artifacts-704102000649.d.codeartifact.us-east-1.amazonaws.com/pypi/Pagaya-Artifacts-prod/simple/" }
dependencies = [
    { name = "click" },
    { name = "prompt-toolkit" },
]
sdist = { url = "https://pagaya-artifacts-704102000649.d.codeartifact.us-east-1.amazonaws.com/pypi/Pagaya-Artifacts-prod/simple/click-repl/0.3.0/click-repl-0.3.0.tar.gz", hash = "sha256:17849c23dba3d667247dc4defe1757fff98694e90fe37474f3feebb69ced26a9" }
wheels = [
    { url = "https://pagaya-artifacts-704102000649.d.codeartifact.us-east-1.amazonaws.com/pypi/Pagaya-Artifacts-prod/simple/click-repl/0.3.0/click_repl-0.3.0-py3-none-any.whl", hash = "sha256:fb7e06deb8da8de86180a33a9da97ac316751c094c6899382da7feeeeb51b812" },
]

[[package]]
name = "colorama"
version = "0.4.6"
source = { registry = "https://pagaya-artifacts-704102000649.d.codeartifact.us-east-1.amazonaws.com/pypi/Pagaya-Artifacts-prod/simple/" }
sdist = { url = "https://pagaya-artifacts-704102000649.d.codeartifact.us-east-1.amazonaws.com/pypi/Pagaya-Artifacts-prod/simple/colorama/0.4.6/colorama-0.4.6.tar.gz", hash = "sha256:08695f5cb7ed6e0531a20572697297273c47b8cae5a63ffc6d6ed5c201be6e44" }
wheels = [
    { url = "https://pagaya-artifacts-704102000649.d.codeartifact.us-east-1.amazonaws.com/pypi/Pagaya-Artifacts-prod/simple/colorama/0.4.6/colorama-0.4.6-py2.py3-none-any.whl", hash = "sha256:4f1d9991f5acc0ca119f9d443620b77f9d6b33703e51011c16baf57afb285fc6" },
]

[[package]]
name = "common"
version = "0.1.0"
source = { editable = "../../packages/common" }
dependencies = [
    { name = "email-validator" },
    { name = "pydantic" },
    { name = "sqlalchemy" },
]

[package.metadata]
requires-dist = [
    { name = "email-validator", specifier = ">=2.0.0" },
    { name = "pydantic", specifier = ">=2.9.0" },
    { name = "pytest", marker = "extra == 'dev'", specifier = ">=7.0.0" },
    { name = "pytest-cov", marker = "extra == 'dev'", specifier = ">=4.0.0" },
    { name = "pytest-mock", marker = "extra == 'dev'", specifier = ">=3.10.0" },
    { name = "ruff", marker = "extra == 'dev'", specifier = ">=0.5.0" },
    { name = "sqlalchemy", specifier = ">=1.3.0,<1.4.0" },
]
provides-extras = ["dev"]

[[package]]
name = "dnspython"
version = "2.7.0"
source = { registry = "https://pagaya-artifacts-704102000649.d.codeartifact.us-east-1.amazonaws.com/pypi/Pagaya-Artifacts-prod/simple/" }
sdist = { url = "https://pagaya-artifacts-704102000649.d.codeartifact.us-east-1.amazonaws.com/pypi/Pagaya-Artifacts-prod/simple/dnspython/2.7.0/dnspython-2.7.0.tar.gz", hash = "sha256:ce9c432eda0dc91cf618a5cedf1a4e142651196bbcd2c80e89ed5a907e5cfaf1" }
wheels = [
    { url = "https://pagaya-artifacts-704102000649.d.codeartifact.us-east-1.amazonaws.com/pypi/Pagaya-Artifacts-prod/simple/dnspython/2.7.0/dnspython-2.7.0-py3-none-any.whl", hash = "sha256:b4c34b7d10b51bcc3a5071e7b8dee77939f1e878477eeecc965e9835f63c6c86" },
]

[[package]]
name = "email-validator"
version = "2.2.0"
source = { registry = "https://pagaya-artifacts-704102000649.d.codeartifact.us-east-1.amazonaws.com/pypi/Pagaya-Artifacts-prod/simple/" }
dependencies = [
    { name = "dnspython" },
    { name = "idna" },
]
sdist = { url = "https://pagaya-artifacts-704102000649.d.codeartifact.us-east-1.amazonaws.com/pypi/Pagaya-Artifacts-prod/simple/email-validator/2.2.0/email_validator-2.2.0.tar.gz", hash = "sha256:cb690f344c617a714f22e66ae771445a1ceb46821152df8e165c5f9a364582b7" }
wheels = [
    { url = "https://pagaya-artifacts-704102000649.d.codeartifact.us-east-1.amazonaws.com/pypi/Pagaya-Artifacts-prod/simple/email-validator/2.2.0/email_validator-2.2.0-py3-none-any.whl", hash = "sha256:561977c2d73ce3611850a06fa56b414621e0c8faa9d66f2611407d87465da631" },
]

[[package]]
name = "idna"
version = "3.10"
source = { registry = "https://pagaya-artifacts-704102000649.d.codeartifact.us-east-1.amazonaws.com/pypi/Pagaya-Artifacts-prod/simple/" }
sdist = { url = "https://pagaya-artifacts-704102000649.d.codeartifact.us-east-1.amazonaws.com/pypi/Pagaya-Artifacts-prod/simple/idna/3.10/idna-3.10.tar.gz", hash = "sha256:12f65c9b470abda6dc35cf8e63cc574b1c52b11df2c86030af0ac09b01b13ea9" }
wheels = [
    { url = "https://pagaya-artifacts-704102000649.d.codeartifact.us-east-1.amazonaws.com/pypi/Pagaya-Artifacts-prod/simple/idna/3.10/idna-3.10-py3-none-any.whl", hash = "sha256:946d195a0d259cbba61165e88e65941f16e9b36ea6ddb97f00452bae8b1287d3" },
]

[[package]]
name = "kombu"
version = "5.5.4"
source = { registry = "https://pagaya-artifacts-704102000649.d.codeartifact.us-east-1.amazonaws.com/pypi/Pagaya-Artifacts-prod/simple/" }
dependencies = [
    { name = "amqp" },
    { name = "packaging" },
    { name = "tzdata" },
    { name = "vine" },
]
sdist = { url = "https://pagaya-artifacts-704102000649.d.codeartifact.us-east-1.amazonaws.com/pypi/Pagaya-Artifacts-prod/simple/kombu/5.5.4/kombu-5.5.4.tar.gz", hash = "sha256:886600168275ebeada93b888e831352fe578168342f0d1d5833d88ba0d847363" }
wheels = [
    { url = "https://pagaya-artifacts-704102000649.d.codeartifact.us-east-1.amazonaws.com/pypi/Pagaya-Artifacts-prod/simple/kombu/5.5.4/kombu-5.5.4-py3-none-any.whl", hash = "sha256:a12ed0557c238897d8e518f1d1fdf84bd1516c5e305af2dacd85c2015115feb8" },
]

[[package]]
name = "packaging"
version = "25.0"
source = { registry = "https://pagaya-artifacts-704102000649.d.codeartifact.us-east-1.amazonaws.com/pypi/Pagaya-Artifacts-prod/simple/" }
sdist = { url = "https://pagaya-artifacts-704102000649.d.codeartifact.us-east-1.amazonaws.com/pypi/Pagaya-Artifacts-prod/simple/packaging/25.0/packaging-25.0.tar.gz", hash = "sha256:d443872c98d677bf60f6a1f2f8c1cb748e8fe762d2bf9d3148b5599295b0fc4f" }
wheels = [
    { url = "https://pagaya-artifacts-704102000649.d.codeartifact.us-east-1.amazonaws.com/pypi/Pagaya-Artifacts-prod/simple/packaging/25.0/packaging-25.0-py3-none-any.whl", hash = "sha256:29572ef2b1f17581046b3a2227d5c611fb25ec70ca1ba8554b24b0e69331a484" },
]

[[package]]
name = "prompt-toolkit"
version = "3.0.51"
source = { registry = "https://pagaya-artifacts-704102000649.d.codeartifact.us-east-1.amazonaws.com/pypi/Pagaya-Artifacts-prod/simple/" }
dependencies = [
    { name = "wcwidth" },
]
sdist = { url = "https://pagaya-artifacts-704102000649.d.codeartifact.us-east-1.amazonaws.com/pypi/Pagaya-Artifacts-prod/simple/prompt-toolkit/3.0.51/prompt_toolkit-3.0.51.tar.gz", hash = "sha256:931a162e3b27fc90c86f1b48bb1fb2c528c2761475e57c9c06de13311c7b54ed" }
wheels = [
    { url = "https://pagaya-artifacts-704102000649.d.codeartifact.us-east-1.amazonaws.com/pypi/Pagaya-Artifacts-prod/simple/prompt-toolkit/3.0.51/prompt_toolkit-3.0.51-py3-none-any.whl", hash = "sha256:52742911fde84e2d423e2f9a4cf1de7d7ac4e51958f648d9540e0fb8db077b07" },
]

[[package]]
name = "pydantic"
version = "2.11.7"
source = { registry = "https://pagaya-artifacts-704102000649.d.codeartifact.us-east-1.amazonaws.com/pypi/Pagaya-Artifacts-prod/simple/" }
dependencies = [
    { name = "annotated-types" },
    { name = "pydantic-core" },
    { name = "typing-extensions" },
    { name = "typing-inspection" },
]
sdist = { url = "https://pagaya-artifacts-704102000649.d.codeartifact.us-east-1.amazonaws.com/pypi/Pagaya-Artifacts-prod/simple/pydantic/2.11.7/pydantic-2.11.7.tar.gz", hash = "sha256:d989c3c6cb79469287b1569f7447a17848c998458d49ebe294e975b9baf0f0db" }
wheels = [
    { url = "https://pagaya-artifacts-704102000649.d.codeartifact.us-east-1.amazonaws.com/pypi/Pagaya-Artifacts-prod/simple/pydantic/2.11.7/pydantic-2.11.7-py3-none-any.whl", hash = "sha256:dde5df002701f6de26248661f6835bbe296a47bf73990135c7d07ce741b9623b" },
]

[package.optional-dependencies]
email = [
    { name = "email-validator" },
]

[[package]]
name = "pydantic-core"
version = "2.33.2"
source = { registry = "https://pagaya-artifacts-704102000649.d.codeartifact.us-east-1.amazonaws.com/pypi/Pagaya-Artifacts-prod/simple/" }
dependencies = [
    { name = "typing-extensions" },
]
sdist = { url = "https://pagaya-artifacts-704102000649.d.codeartifact.us-east-1.amazonaws.com/pypi/Pagaya-Artifacts-prod/simple/pydantic-core/2.33.2/pydantic_core-2.33.2.tar.gz", hash = "sha256:7cb8bc3605c29176e1b105350d2e6474142d7c1bd1d9327c4a9bdb46bf827acc" }
wheels = [
    { url = "https://pagaya-artifacts-704102000649.d.codeartifact.us-east-1.amazonaws.com/pypi/Pagaya-Artifacts-prod/simple/pydantic-core/2.33.2/pydantic_core-2.33.2-cp310-cp310-macosx_10_12_x86_64.whl", hash = "sha256:2b3d326aaef0c0399d9afffeb6367d5e26ddc24d351dbc9c636840ac355dc5d8" },
    { url = "https://pagaya-artifacts-704102000649.d.codeartifact.us-east-1.amazonaws.com/pypi/Pagaya-Artifacts-prod/simple/pydantic-core/2.33.2/pydantic_core-2.33.2-cp310-cp310-macosx_11_0_arm64.whl", hash = "sha256:0e5b2671f05ba48b94cb90ce55d8bdcaaedb8ba00cc5359f6810fc918713983d" },
    { url = "https://pagaya-artifacts-704102000649.d.codeartifact.us-east-1.amazonaws.com/pypi/Pagaya-Artifacts-prod/simple/pydantic-core/2.33.2/pydantic_core-2.33.2-cp310-cp310-manylinux_2_17_aarch64.manylinux2014_aarch64.whl", hash = "sha256:0069c9acc3f3981b9ff4cdfaf088e98d83440a4c7ea1bc07460af3d4dc22e72d" },
    { url = "https://pagaya-artifacts-704102000649.d.codeartifact.us-east-1.amazonaws.com/pypi/Pagaya-Artifacts-prod/simple/pydantic-core/2.33.2/pydantic_core-2.33.2-cp310-cp310-manylinux_2_17_armv7l.manylinux2014_armv7l.whl", hash = "sha256:d53b22f2032c42eaaf025f7c40c2e3b94568ae077a606f006d206a463bc69572" },
    { url = "https://pagaya-artifacts-704102000649.d.codeartifact.us-east-1.amazonaws.com/pypi/Pagaya-Artifacts-prod/simple/pydantic-core/2.33.2/pydantic_core-2.33.2-cp310-cp310-manylinux_2_17_ppc64le.manylinux2014_ppc64le.whl", hash = "sha256:0405262705a123b7ce9f0b92f123334d67b70fd1f20a9372b907ce1080c7ba02" },
    { url = "https://pagaya-artifacts-704102000649.d.codeartifact.us-east-1.amazonaws.com/pypi/Pagaya-Artifacts-prod/simple/pydantic-core/2.33.2/pydantic_core-2.33.2-cp310-cp310-manylinux_2_17_s390x.manylinux2014_s390x.whl", hash = "sha256:4b25d91e288e2c4e0662b8038a28c6a07eaac3e196cfc4ff69de4ea3db992a1b" },
    { url = "https://pagaya-artifacts-704102000649.d.codeartifact.us-east-1.amazonaws.com/pypi/Pagaya-Artifacts-prod/simple/pydantic-core/2.33.2/pydantic_core-2.33.2-cp310-cp310-manylinux_2_17_x86_64.manylinux2014_x86_64.whl", hash = "sha256:6bdfe4b3789761f3bcb4b1ddf33355a71079858958e3a552f16d5af19768fef2" },
    { url = "https://pagaya-artifacts-704102000649.d.codeartifact.us-east-1.amazonaws.com/pypi/Pagaya-Artifacts-prod/simple/pydantic-core/2.33.2/pydantic_core-2.33.2-cp310-cp310-manylinux_2_5_i686.manylinux1_i686.whl", hash = "sha256:efec8db3266b76ef9607c2c4c419bdb06bf335ae433b80816089ea7585816f6a" },
    { url = "https://pagaya-artifacts-704102000649.d.codeartifact.us-east-1.amazonaws.com/pypi/Pagaya-Artifacts-prod/simple/pydantic-core/2.33.2/pydantic_core-2.33.2-cp310-cp310-musllinux_1_1_aarch64.whl", hash = "sha256:031c57d67ca86902726e0fae2214ce6770bbe2f710dc33063187a68744a5ecac" },
    { url = "https://pagaya-artifacts-704102000649.d.codeartifact.us-east-1.amazonaws.com/pypi/Pagaya-Artifacts-prod/simple/pydantic-core/2.33.2/pydantic_core-2.33.2-cp310-cp310-musllinux_1_1_armv7l.whl", hash = "sha256:f8de619080e944347f5f20de29a975c2d815d9ddd8be9b9b7268e2e3ef68605a" },
    { url = "https://pagaya-artifacts-704102000649.d.codeartifact.us-east-1.amazonaws.com/pypi/Pagaya-Artifacts-prod/simple/pydantic-core/2.33.2/pydantic_core-2.33.2-cp310-cp310-musllinux_1_1_x86_64.whl", hash = "sha256:73662edf539e72a9440129f231ed3757faab89630d291b784ca99237fb94db2b" },
    { url = "https://pagaya-artifacts-704102000649.d.codeartifact.us-east-1.amazonaws.com/pypi/Pagaya-Artifacts-prod/simple/pydantic-core/2.33.2/pydantic_core-2.33.2-cp310-cp310-win32.whl", hash = "sha256:0a39979dcbb70998b0e505fb1556a1d550a0781463ce84ebf915ba293ccb7e22" },
    { url = "https://pagaya-artifacts-704102000649.d.codeartifact.us-east-1.amazonaws.com/pypi/Pagaya-Artifacts-prod/simple/pydantic-core/2.33.2/pydantic_core-2.33.2-cp310-cp310-win_amd64.whl", hash = "sha256:b0379a2b24882fef529ec3b4987cb5d003b9cda32256024e6fe1586ac45fc640" },
    { url = "https://pagaya-artifacts-704102000649.d.codeartifact.us-east-1.amazonaws.com/pypi/Pagaya-Artifacts-prod/simple/pydantic-core/2.33.2/pydantic_core-2.33.2-pp310-pypy310_pp73-macosx_10_12_x86_64.whl", hash = "sha256:5c4aa4e82353f65e548c476b37e64189783aa5384903bfea4f41580f255fddfa" },
    { url = "https://pagaya-artifacts-704102000649.d.codeartifact.us-east-1.amazonaws.com/pypi/Pagaya-Artifacts-prod/simple/pydantic-core/2.33.2/pydantic_core-2.33.2-pp310-pypy310_pp73-macosx_11_0_arm64.whl", hash = "sha256:d946c8bf0d5c24bf4fe333af284c59a19358aa3ec18cb3dc4370080da1e8ad29" },
    { url = "https://pagaya-artifacts-704102000649.d.codeartifact.us-east-1.amazonaws.com/pypi/Pagaya-Artifacts-prod/simple/pydantic-core/2.33.2/pydantic_core-2.33.2-pp310-pypy310_pp73-manylinux_2_17_aarch64.manylinux2014_aarch64.whl", hash = "sha256:87b31b6846e361ef83fedb187bb5b4372d0da3f7e28d85415efa92d6125d6e6d" },
    { url = "https://pagaya-artifacts-704102000649.d.codeartifact.us-east-1.amazonaws.com/pypi/Pagaya-Artifacts-prod/simple/pydantic-core/2.33.2/pydantic_core-2.33.2-pp310-pypy310_pp73-manylinux_2_17_x86_64.manylinux2014_x86_64.whl", hash = "sha256:aa9d91b338f2df0508606f7009fde642391425189bba6d8c653afd80fd6bb64e" },
    { url = "https://pagaya-artifacts-704102000649.d.codeartifact.us-east-1.amazonaws.com/pypi/Pagaya-Artifacts-prod/simple/pydantic-core/2.33.2/pydantic_core-2.33.2-pp310-pypy310_pp73-manylinux_2_5_i686.manylinux1_i686.whl", hash = "sha256:2058a32994f1fde4ca0480ab9d1e75a0e8c87c22b53a3ae66554f9af78f2fe8c" },
    { url = "https://pagaya-artifacts-704102000649.d.codeartifact.us-east-1.amazonaws.com/pypi/Pagaya-Artifacts-prod/simple/pydantic-core/2.33.2/pydantic_core-2.33.2-pp310-pypy310_pp73-musllinux_1_1_aarch64.whl", hash = "sha256:0e03262ab796d986f978f79c943fc5f620381be7287148b8010b4097f79a39ec" },
    { url = "https://pagaya-artifacts-704102000649.d.codeartifact.us-east-1.amazonaws.com/pypi/Pagaya-Artifacts-prod/simple/pydantic-core/2.33.2/pydantic_core-2.33.2-pp310-pypy310_pp73-musllinux_1_1_armv7l.whl", hash = "sha256:1a8695a8d00c73e50bff9dfda4d540b7dee29ff9b8053e38380426a85ef10052" },
    { url = "https://pagaya-artifacts-704102000649.d.codeartifact.us-east-1.amazonaws.com/pypi/Pagaya-Artifacts-prod/simple/pydantic-core/2.33.2/pydantic_core-2.33.2-pp310-pypy310_pp73-musllinux_1_1_x86_64.whl", hash = "sha256:fa754d1850735a0b0e03bcffd9d4b4343eb417e47196e4485d9cca326073a42c" },
    { url = "https://pagaya-artifacts-704102000649.d.codeartifact.us-east-1.amazonaws.com/pypi/Pagaya-Artifacts-prod/simple/pydantic-core/2.33.2/pydantic_core-2.33.2-pp310-pypy310_pp73-win_amd64.whl", hash = "sha256:a11c8d26a50bfab49002947d3d237abe4d9e4b5bdc8846a63537b6488e197808" },
]

[[package]]
name = "python-dateutil"
version = "2.9.0.post0"
source = { registry = "https://pagaya-artifacts-704102000649.d.codeartifact.us-east-1.amazonaws.com/pypi/Pagaya-Artifacts-prod/simple/" }
dependencies = [
    { name = "six" },
]
sdist = { url = "https://pagaya-artifacts-704102000649.d.codeartifact.us-east-1.amazonaws.com/pypi/Pagaya-Artifacts-prod/simple/python-dateutil/2.9.0.post0/python-dateutil-2.9.0.post0.tar.gz", hash = "sha256:37dd54208da7e1cd875388217d5e00ebd4179249f90fb72437e91a35459a0ad3" }
wheels = [
    { url = "https://pagaya-artifacts-704102000649.d.codeartifact.us-east-1.amazonaws.com/pypi/Pagaya-Artifacts-prod/simple/python-dateutil/2.9.0.post0/python_dateutil-2.9.0.post0-py2.py3-none-any.whl", hash = "sha256:a8b2bc7bffae282281c8140a97d3aa9c14da0b136dfe83f850eea9a5f7470427" },
]

[[package]]
name = "redis"
version = "6.4.0"
source = { registry = "https://pagaya-artifacts-704102000649.d.codeartifact.us-east-1.amazonaws.com/pypi/Pagaya-Artifacts-prod/simple/" }
dependencies = [
    { name = "async-timeout" },
]
sdist = { url = "https://pagaya-artifacts-704102000649.d.codeartifact.us-east-1.amazonaws.com/pypi/Pagaya-Artifacts-prod/simple/redis/6.4.0/redis-6.4.0.tar.gz", hash = "sha256:b01bc7282b8444e28ec36b261df5375183bb47a07eb9c603f284e89cbc5ef010" }
wheels = [
    { url = "https://pagaya-artifacts-704102000649.d.codeartifact.us-east-1.amazonaws.com/pypi/Pagaya-Artifacts-prod/simple/redis/6.4.0/redis-6.4.0-py3-none-any.whl", hash = "sha256:f0544fa9604264e9464cdf4814e7d4830f74b165d52f2a330a760a88dd248b7f" },
]

[[package]]
name = "requests"
version = "2.32.4"
source = { registry = "https://pagaya-artifacts-704102000649.d.codeartifact.us-east-1.amazonaws.com/pypi/Pagaya-Artifacts-prod/simple/" }
dependencies = [
    { name = "certifi" },
    { name = "charset-normalizer" },
    { name = "idna" },
    { name = "urllib3" },
]
sdist = { url = "https://pagaya-artifacts-704102000649.d.codeartifact.us-east-1.amazonaws.com/pypi/Pagaya-Artifacts-prod/simple/requests/2.32.4/requests-2.32.4.tar.gz", hash = "sha256:27d0316682c8a29834d3264820024b62a36942083d52caf2f14c0591336d3422" }
wheels = [
    { url = "https://pagaya-artifacts-704102000649.d.codeartifact.us-east-1.amazonaws.com/pypi/Pagaya-Artifacts-prod/simple/requests/2.32.4/requests-2.32.4-py3-none-any.whl", hash = "sha256:27babd3cda2a6d50b30443204ee89830707d396671944c998b5975b031ac2b2c" },
]

[[package]]
name = "ruff"
version = "0.12.11"
source = { registry = "https://pagaya-artifacts-704102000649.d.codeartifact.us-east-1.amazonaws.com/pypi/Pagaya-Artifacts-prod/simple/" }
sdist = { url = "https://pagaya-artifacts-704102000649.d.codeartifact.us-east-1.amazonaws.com/pypi/Pagaya-Artifacts-prod/simple/ruff/0.12.11/ruff-0.12.11.tar.gz", hash = "sha256:c6b09ae8426a65bbee5425b9d0b82796dbb07cb1af045743c79bfb163001165d" }
wheels = [
    { url = "https://pagaya-artifacts-704102000649.d.codeartifact.us-east-1.amazonaws.com/pypi/Pagaya-Artifacts-prod/simple/ruff/0.12.11/ruff-0.12.11-py3-none-linux_armv6l.whl", hash = "sha256:93fce71e1cac3a8bf9200e63a38ac5c078f3b6baebffb74ba5274fb2ab276065" },
    { url = "https://pagaya-artifacts-704102000649.d.codeartifact.us-east-1.amazonaws.com/pypi/Pagaya-Artifacts-prod/simple/ruff/0.12.11/ruff-0.12.11-py3-none-macosx_10_12_x86_64.whl", hash = "sha256:b8e33ac7b28c772440afa80cebb972ffd823621ded90404f29e5ab6d1e2d4b93" },
    { url = "https://pagaya-artifacts-704102000649.d.codeartifact.us-east-1.amazonaws.com/pypi/Pagaya-Artifacts-prod/simple/ruff/0.12.11/ruff-0.12.11-py3-none-macosx_11_0_arm64.whl", hash = "sha256:d69fb9d4937aa19adb2e9f058bc4fbfe986c2040acb1a4a9747734834eaa0bfd" },
    { url = "https://pagaya-artifacts-704102000649.d.codeartifact.us-east-1.amazonaws.com/pypi/Pagaya-Artifacts-prod/simple/ruff/0.12.11/ruff-0.12.11-py3-none-manylinux_2_17_aarch64.manylinux2014_aarch64.whl", hash = "sha256:411954eca8464595077a93e580e2918d0a01a19317af0a72132283e28ae21bee" },
    { url = "https://pagaya-artifacts-704102000649.d.codeartifact.us-east-1.amazonaws.com/pypi/Pagaya-Artifacts-prod/simple/ruff/0.12.11/ruff-0.12.11-py3-none-manylinux_2_17_armv7l.manylinux2014_armv7l.whl", hash = "sha256:6a2c0a2e1a450f387bf2c6237c727dd22191ae8c00e448e0672d624b2bbd7fb0" },
    { url = "https://pagaya-artifacts-704102000649.d.codeartifact.us-east-1.amazonaws.com/pypi/Pagaya-Artifacts-prod/simple/ruff/0.12.11/ruff-0.12.11-py3-none-manylinux_2_17_i686.manylinux2014_i686.whl", hash = "sha256:8ca4c3a7f937725fd2413c0e884b5248a19369ab9bdd850b5781348ba283f644" },
    { url = "https://pagaya-artifacts-704102000649.d.codeartifact.us-east-1.amazonaws.com/pypi/Pagaya-Artifacts-prod/simple/ruff/0.12.11/ruff-0.12.11-py3-none-manylinux_2_17_ppc64.manylinux2014_ppc64.whl", hash = "sha256:4d1df0098124006f6a66ecf3581a7f7e754c4df7644b2e6704cd7ca80ff95211" },
    { url = "https://pagaya-artifacts-704102000649.d.codeartifact.us-east-1.amazonaws.com/pypi/Pagaya-Artifacts-prod/simple/ruff/0.12.11/ruff-0.12.11-py3-none-manylinux_2_17_ppc64le.manylinux2014_ppc64le.whl", hash = "sha256:5a8dd5f230efc99a24ace3b77e3555d3fbc0343aeed3fc84c8d89e75ab2ff793" },
    { url = "https://pagaya-artifacts-704102000649.d.codeartifact.us-east-1.amazonaws.com/pypi/Pagaya-Artifacts-prod/simple/ruff/0.12.11/ruff-0.12.11-py3-none-manylinux_2_17_s390x.manylinux2014_s390x.whl", hash = "sha256:4dc75533039d0ed04cd33fb8ca9ac9620b99672fe7ff1533b6402206901c34ee" },
    { url = "https://pagaya-artifacts-704102000649.d.codeartifact.us-east-1.amazonaws.com/pypi/Pagaya-Artifacts-prod/simple/ruff/0.12.11/ruff-0.12.11-py3-none-manylinux_2_17_x86_64.manylinux2014_x86_64.whl", hash = "sha256:4fc58f9266d62c6eccc75261a665f26b4ef64840887fc6cbc552ce5b29f96cc8" },
    { url = "https://pagaya-artifacts-704102000649.d.codeartifact.us-east-1.amazonaws.com/pypi/Pagaya-Artifacts-prod/simple/ruff/0.12.11/ruff-0.12.11-py3-none-manylinux_2_31_riscv64.whl", hash = "sha256:5a0113bd6eafd545146440225fe60b4e9489f59eb5f5f107acd715ba5f0b3d2f" },
    { url = "https://pagaya-artifacts-704102000649.d.codeartifact.us-east-1.amazonaws.com/pypi/Pagaya-Artifacts-prod/simple/ruff/0.12.11/ruff-0.12.11-py3-none-musllinux_1_2_aarch64.whl", hash = "sha256:0d737b4059d66295c3ea5720e6efc152623bb83fde5444209b69cd33a53e2000" },
    { url = "https://pagaya-artifacts-704102000649.d.codeartifact.us-east-1.amazonaws.com/pypi/Pagaya-Artifacts-prod/simple/ruff/0.12.11/ruff-0.12.11-py3-none-musllinux_1_2_armv7l.whl", hash = "sha256:916fc5defee32dbc1fc1650b576a8fed68f5e8256e2180d4d9855aea43d6aab2" },
    { url = "https://pagaya-artifacts-704102000649.d.codeartifact.us-east-1.amazonaws.com/pypi/Pagaya-Artifacts-prod/simple/ruff/0.12.11/ruff-0.12.11-py3-none-musllinux_1_2_i686.whl", hash = "sha256:c984f07d7adb42d3ded5be894fb4007f30f82c87559438b4879fe7aa08c62b39" },
    { url = "https://pagaya-artifacts-704102000649.d.codeartifact.us-east-1.amazonaws.com/pypi/Pagaya-Artifacts-prod/simple/ruff/0.12.11/ruff-0.12.11-py3-none-musllinux_1_2_x86_64.whl", hash = "sha256:e07fbb89f2e9249f219d88331c833860489b49cdf4b032b8e4432e9b13e8a4b9" },
    { url = "https://pagaya-artifacts-704102000649.d.codeartifact.us-east-1.amazonaws.com/pypi/Pagaya-Artifacts-prod/simple/ruff/0.12.11/ruff-0.12.11-py3-none-win32.whl", hash = "sha256:c792e8f597c9c756e9bcd4d87cf407a00b60af77078c96f7b6366ea2ce9ba9d3" },
    { url = "https://pagaya-artifacts-704102000649.d.codeartifact.us-east-1.amazonaws.com/pypi/Pagaya-Artifacts-prod/simple/ruff/0.12.11/ruff-0.12.11-py3-none-win_amd64.whl", hash = "sha256:a3283325960307915b6deb3576b96919ee89432ebd9c48771ca12ee8afe4a0fd" },
    { url = "https://pagaya-artifacts-704102000649.d.codeartifact.us-east-1.amazonaws.com/pypi/Pagaya-Artifacts-prod/simple/ruff/0.12.11/ruff-0.12.11-py3-none-win_arm64.whl", hash = "sha256:bae4d6e6a2676f8fb0f98b74594a048bae1b944aab17e9f5d504062303c6dbea" },
]

[[package]]
name = "six"
version = "1.17.0"
source = { registry = "https://pagaya-artifacts-704102000649.d.codeartifact.us-east-1.amazonaws.com/pypi/Pagaya-Artifacts-prod/simple/" }
sdist = { url = "https://pagaya-artifacts-704102000649.d.codeartifact.us-east-1.amazonaws.com/pypi/Pagaya-Artifacts-prod/simple/six/1.17.0/six-1.17.0.tar.gz", hash = "sha256:ff70335d468e7eb6ec65b95b99d3a2836546063f63acc5171de367e834932a81" }
wheels = [
    { url = "https://pagaya-artifacts-704102000649.d.codeartifact.us-east-1.amazonaws.com/pypi/Pagaya-Artifacts-prod/simple/six/1.17.0/six-1.17.0-py2.py3-none-any.whl", hash = "sha256:4721f391ed90541fddacab5acf947aa0d3dc7d27b2e1e8eda2be8970586c3274" },
]

[[package]]
name = "sqlalchemy"
version = "1.3.24"
source = { registry = "https://pagaya-artifacts-704102000649.d.codeartifact.us-east-1.amazonaws.com/pypi/Pagaya-Artifacts-prod/simple/" }
sdist = { url = "https://pagaya-artifacts-704102000649.d.codeartifact.us-east-1.amazonaws.com/pypi/Pagaya-Artifacts-prod/simple/sqlalchemy/1.3.24/SQLAlchemy-1.3.24.tar.gz", hash = "sha256:ebbb777cbf9312359b897bf81ba00dae0f5cb69fba2a18265dcc18a6f5ef7519" }

[[package]]
name = "typing-extensions"
version = "4.14.1"
source = { registry = "https://pagaya-artifacts-704102000649.d.codeartifact.us-east-1.amazonaws.com/pypi/Pagaya-Artifacts-prod/simple/" }
sdist = { url = "https://pagaya-artifacts-704102000649.d.codeartifact.us-east-1.amazonaws.com/pypi/Pagaya-Artifacts-prod/simple/typing-extensions/4.14.1/typing_extensions-4.14.1.tar.gz", hash = "sha256:38b39f4aeeab64884ce9f74c94263ef78f3c22467c8724005483154c26648d36" }
wheels = [
    { url = "https://pagaya-artifacts-704102000649.d.codeartifact.us-east-1.amazonaws.com/pypi/Pagaya-Artifacts-prod/simple/typing-extensions/4.14.1/typing_extensions-4.14.1-py3-none-any.whl", hash = "sha256:d1e1e3b58374dc93031d6eda2420a48ea44a36c2b4766a4fdeb3710755731d76" },
]

[[package]]
name = "typing-inspection"
version = "0.4.1"
source = { registry = "https://pagaya-artifacts-704102000649.d.codeartifact.us-east-1.amazonaws.com/pypi/Pagaya-Artifacts-prod/simple/" }
dependencies = [
    { name = "typing-extensions" },
]
sdist = { url = "https://pagaya-artifacts-704102000649.d.codeartifact.us-east-1.amazonaws.com/pypi/Pagaya-Artifacts-prod/simple/typing-inspection/0.4.1/typing_inspection-0.4.1.tar.gz", hash = "sha256:6ae134cc0203c33377d43188d4064e9b357dba58cff3185f22924610e70a9d28" }
wheels = [
    { url = "https://pagaya-artifacts-704102000649.d.codeartifact.us-east-1.amazonaws.com/pypi/Pagaya-Artifacts-prod/simple/typing-inspection/0.4.1/typing_inspection-0.4.1-py3-none-any.whl", hash = "sha256:389055682238f53b04f7badcb49b989835495a96700ced5dab2d8feae4b26f51" },
]

[[package]]
name = "tzdata"
version = "2025.2"
source = { registry = "https://pagaya-artifacts-704102000649.d.codeartifact.us-east-1.amazonaws.com/pypi/Pagaya-Artifacts-prod/simple/" }
sdist = { url = "https://pagaya-artifacts-704102000649.d.codeartifact.us-east-1.amazonaws.com/pypi/Pagaya-Artifacts-prod/simple/tzdata/2025.2/tzdata-2025.2.tar.gz", hash = "sha256:b60a638fcc0daffadf82fe0f57e53d06bdec2f36c4df66280ae79bce6bd6f2b9" }
wheels = [
    { url = "https://pagaya-artifacts-704102000649.d.codeartifact.us-east-1.amazonaws.com/pypi/Pagaya-Artifacts-prod/simple/tzdata/2025.2/tzdata-2025.2-py2.py3-none-any.whl", hash = "sha256:1a403fada01ff9221ca8044d701868fa132215d84beb92242d9acd2147f667a8" },
]

[[package]]
name = "urllib3"
version = "2.5.0"
source = { registry = "https://pagaya-artifacts-704102000649.d.codeartifact.us-east-1.amazonaws.com/pypi/Pagaya-Artifacts-prod/simple/" }
sdist = { url = "https://pagaya-artifacts-704102000649.d.codeartifact.us-east-1.amazonaws.com/pypi/Pagaya-Artifacts-prod/simple/urllib3/2.5.0/urllib3-2.5.0.tar.gz", hash = "sha256:3fc47733c7e419d4bc3f6b3dc2b4f890bb743906a30d56ba4a5bfa4bbff92760" }
wheels = [
    { url = "https://pagaya-artifacts-704102000649.d.codeartifact.us-east-1.amazonaws.com/pypi/Pagaya-Artifacts-prod/simple/urllib3/2.5.0/urllib3-2.5.0-py3-none-any.whl", hash = "sha256:e6b01673c0fa6a13e374b50871808eb3bf7046c4b125b216f6bf1cc604cff0dc" },
]

[[package]]
name = "vine"
version = "5.1.0"
source = { registry = "https://pagaya-artifacts-704102000649.d.codeartifact.us-east-1.amazonaws.com/pypi/Pagaya-Artifacts-prod/simple/" }
sdist = { url = "https://pagaya-artifacts-704102000649.d.codeartifact.us-east-1.amazonaws.com/pypi/Pagaya-Artifacts-prod/simple/vine/5.1.0/vine-5.1.0.tar.gz", hash = "sha256:8b62e981d35c41049211cf62a0a1242d8c1ee9bd15bb196ce38aefd6799e61e0" }
wheels = [
    { url = "https://pagaya-artifacts-704102000649.d.codeartifact.us-east-1.amazonaws.com/pypi/Pagaya-Artifacts-prod/simple/vine/5.1.0/vine-5.1.0-py3-none-any.whl", hash = "sha256:40fdf3c48b2cfe1c38a49e9ae2da6fda88e4794c810050a728bd7413811fb1dc" },
]

[[package]]
name = "wcwidth"
version = "0.2.13"
source = { registry = "https://pagaya-artifacts-704102000649.d.codeartifact.us-east-1.amazonaws.com/pypi/Pagaya-Artifacts-prod/simple/" }
sdist = { url = "https://pagaya-artifacts-704102000649.d.codeartifact.us-east-1.amazonaws.com/pypi/Pagaya-Artifacts-prod/simple/wcwidth/0.2.13/wcwidth-0.2.13.tar.gz", hash = "sha256:72ea0c06399eb286d978fdedb6923a9eb47e1c486ce63e9b4e64fc18303972b5" }
wheels = [
    { url = "https://pagaya-artifacts-704102000649.d.codeartifact.us-east-1.amazonaws.com/pypi/Pagaya-Artifacts-prod/simple/wcwidth/0.2.13/wcwidth-0.2.13-py2.py3-none-any.whl", hash = "sha256:3da69048e4540d84af32131829ff948f1e022c1c6bdb8d6102117aac784f6859" },
]

[[package]]
name = "worker"
version = "0.1.0"
source = { virtual = "." }
dependencies = [
    { name = "celery" },
    { name = "common" },
    { name = "pydantic", extra = ["email"] },
    { name = "redis" },
    { name = "requests" },
    { name = "sqlalchemy" },
]

[package.optional-dependencies]
dev = [
    { name = "ruff" },
]

[package.metadata]
requires-dist = [
    { name = "celery", specifier = ">=5.3.0" },
    { name = "common", editable = "../../packages/common" },
    { name = "pydantic", extras = ["email"], specifier = ">=2.9.0" },
    { name = "redis", specifier = ">=5.0.0" },
    { name = "requests", specifier = ">=2.31.0" },
    { name = "ruff", marker = "extra == 'dev'", specifier = ">=0.5.0" },
    { name = "sqlalchemy", specifier = ">=1.3.0,<1.4.0" },
]
provides-extras = ["dev"]
